
Microsoft Visual Studio Solution File, Format Version 12.00
# Visual Studio Version 16
VisualStudioVersion = 16.0.32106.194
MinimumVisualStudioVersion = 10.0.40219.1
Project("{8BC9CEB8-8B4A-11D0-8D11-00A0C91BC942}") = "Presentacion", "Presentacion\Presentacion.vcxproj", "{8E36FE11-0020-44BE-824B-B882BB7EC4ED}"
EndProject
Project("{8BC9CEB8-8B4A-11D0-8D11-00A0C91BC942}") = "Clases", "Clases\Clases.vcxproj", "{6F79E56B-DCBB-475F-A03F-689EF01D4E51}"
EndProject
Global
	GlobalSection(SolutionConfigurationPlatforms) = preSolution
		Debug|x64 = Debug|x64
		Debug|x86 = Debug|x86
		Release|x64 = Release|x64
		Release|x86 = Release|x86
	EndGlobalSection
	GlobalSection(ProjectConfigurationPlatforms) = postSolution
		{8E36FE11-0020-44BE-824B-B882BB7EC4ED}.Debug|x64.ActiveCfg = Debug|x64
		{8E36FE11-0020-44BE-824B-B882BB7EC4ED}.Debug|x64.Build.0 = Debug|x64
		{8E36FE11-0020-44BE-824B-B882BB7EC4ED}.Debug|x86.ActiveCfg = Debug|Win32
		{8E36FE11-0020-44BE-824B-B882BB7EC4ED}.Debug|x86.Build.0 = Debug|Win32
		{8E36FE11-0020-44BE-824B-B882BB7EC4ED}.Release|x64.ActiveCfg = Release|x64
		{8E36FE11-0020-44BE-824B-B882BB7EC4ED}.Release|x64.Build.0 = Release|x64
		{8E36FE11-0020-44BE-824B-B882BB7EC4ED}.Release|x86.ActiveCfg = Release|Win32
		{8E36FE11-0020-44BE-824B-B882BB7EC4ED}.Release|x86.Build.0 = Release|Win32
		{6F79E56B-DCBB-475F-A03F-689EF01D4E51}.Debug|x64.ActiveCfg = Debug|x64
		{6F79E56B-DCBB-475F-A03F-689EF01D4E51}.Debug|x64.Build.0 = Debug|x64
		{6F79E56B-DCBB-475F-A03F-689EF01D4E51}.Debug|x86.ActiveCfg = Debug|Win32
		{6F79E56B-DCBB-475F-A03F-689EF01D4E51}.Debug|x86.Build.0 = Debug|Win32
		{6F79E56B-DCBB-475F-A03F-689EF01D4E51}.Release|x64.ActiveCfg = Release|x64
		{6F79E56B-DCBB-475F-A03F-689EF01D4E51}.Release|x64.Build.0 = Release|x64
		{6F79E56B-DCBB-475F-A03F-689EF01D4E51}.Release|x86.ActiveCfg = Release|Win32
		{6F79E56B-DCBB-475F-A03F-689EF01D4E51}.Release|x86.Build.0 = Release|Win32
	EndGlobalSection
	GlobalSection(SolutionProperties) = preSolution
		HideSolutionNode = FALSE
	EndGlobalSection
	GlobalSection(ExtensibilityGlobals) = postSolution
		SolutionGuid = {FC6DA38B-7F74-41A3-9A9A-0155A3BE8AD0}
	EndGlobalSection
EndGlobal
